
Microsoft Visual Studio Solution File, Format Version 12.00
# Visual Studio Version 16
VisualStudioVersion = 16.0.32802.440
MinimumVisualStudioVersion = 10.0.40219.1
Project("{FAE04EC0-301F-11D3-BF4B-00C04F79EFBC}") = "TP_parallele", "TP_parallele.csproj", "{512B0755-AE61-45BF-9B67-B49DBDD964CA}"
EndProject
Global
	GlobalSection(SolutionConfigurationPlatforms) = preSolution
		Debug|Any CPU = Debug|Any CPU
		Release|Any CPU = Release|Any CPU
	EndGlobalSection
	GlobalSection(ProjectConfigurationPlatforms) = postSolution
		{512B0755-AE61-45BF-9B67-B49DBDD964CA}.Debug|Any CPU.ActiveCfg = Debug|Any CPU
		{512B0755-AE61-45BF-9B67-B49DBDD964CA}.Debug|Any CPU.Build.0 = Debug|Any CPU
		{512B0755-AE61-45BF-9B67-B49DBDD964CA}.Release|Any CPU.ActiveCfg = Release|Any CPU
		{512B0755-AE61-45BF-9B67-B49DBDD964CA}.Release|Any CPU.Build.0 = Release|Any CPU
	EndGlobalSection
	GlobalSection(SolutionProperties) = preSolution
		HideSolutionNode = FALSE
	EndGlobalSection
	GlobalSection(ExtensibilityGlobals) = postSolution
		SolutionGuid = {57653C0B-EA19-4C0D-9AF0-498391BEEC3B}
	EndGlobalSection
EndGlobal
